// !$*UTF8*$!
{
	archiveVersion = 1;
	classes = {
	};
	objectVersion = 56;
	objects = {

/* Begin PBXBuildFile section */
		351B410D2BA6B6BF00640628 /* CarDetailViewController.swift in Sources */ = {isa = PBXBuildFile; fileRef = 351B410C2BA6B6BF00640628 /* CarDetailViewController.swift */; };
		351B410F2BA6B9EB00640628 /* MapViewController.swift in Sources */ = {isa = PBXBuildFile; fileRef = 351B410E2BA6B9EB00640628 /* MapViewController.swift */; };
		351B41112BA7B65800640628 /* RentOutListTableViewController.swift in Sources */ = {isa = PBXBuildFile; fileRef = 351B41102BA7B65800640628 /* RentOutListTableViewController.swift */; };
		351B41132BA7B68000640628 /* RentOut.swift in Sources */ = {isa = PBXBuildFile; fileRef = 351B41122BA7B68000640628 /* RentOut.swift */; };
		351B41152BA7FD7E00640628 /* BookingViewController.swift in Sources */ = {isa = PBXBuildFile; fileRef = 351B41142BA7FD7E00640628 /* BookingViewController.swift */; };
		3584FB832BA8382200DC8A87 /* AddCarViewController.swift in Sources */ = {isa = PBXBuildFile; fileRef = 3584FB822BA8382200DC8A87 /* AddCarViewController.swift */; };
		359137612BA6686100B0DD8D /* AppDelegate.swift in Sources */ = {isa = PBXBuildFile; fileRef = 359137602BA6686100B0DD8D /* AppDelegate.swift */; };
		359137632BA6686100B0DD8D /* SceneDelegate.swift in Sources */ = {isa = PBXBuildFile; fileRef = 359137622BA6686100B0DD8D /* SceneDelegate.swift */; };
		359137652BA6686100B0DD8D /* ViewController.swift in Sources */ = {isa = PBXBuildFile; fileRef = 359137642BA6686100B0DD8D /* ViewController.swift */; };
		359137682BA6686100B0DD8D /* Main.storyboard in Resources */ = {isa = PBXBuildFile; fileRef = 359137662BA6686100B0DD8D /* Main.storyboard */; };
		3591376A2BA6686200B0DD8D /* Assets.xcassets in Resources */ = {isa = PBXBuildFile; fileRef = 359137692BA6686200B0DD8D /* Assets.xcassets */; };
		3591376D2BA6686200B0DD8D /* LaunchScreen.storyboard in Resources */ = {isa = PBXBuildFile; fileRef = 3591376B2BA6686200B0DD8D /* LaunchScreen.storyboard */; };
		359137782BA6686200B0DD8D /* FinalProjectTests.swift in Sources */ = {isa = PBXBuildFile; fileRef = 359137772BA6686200B0DD8D /* FinalProjectTests.swift */; };
		359137822BA6686200B0DD8D /* FinalProjectUITests.swift in Sources */ = {isa = PBXBuildFile; fileRef = 359137812BA6686200B0DD8D /* FinalProjectUITests.swift */; };
		359137842BA6686200B0DD8D /* FinalProjectUITestsLaunchTests.swift in Sources */ = {isa = PBXBuildFile; fileRef = 359137832BA6686200B0DD8D /* FinalProjectUITestsLaunchTests.swift */; };
		359137912BA686DE00B0DD8D /* CarListViewController.swift in Sources */ = {isa = PBXBuildFile; fileRef = 359137902BA686DE00B0DD8D /* CarListViewController.swift */; };
		359137932BA6873100B0DD8D /* Car.swift in Sources */ = {isa = PBXBuildFile; fileRef = 359137922BA6873100B0DD8D /* Car.swift */; };
/* End PBXBuildFile section */

/* Begin PBXContainerItemProxy section */
		359137742BA6686200B0DD8D /* PBXContainerItemProxy */ = {
			isa = PBXContainerItemProxy;
			containerPortal = 359137552BA6686100B0DD8D /* Project object */;
			proxyType = 1;
			remoteGlobalIDString = 3591375C2BA6686100B0DD8D;
			remoteInfo = FinalProject;
		};
		3591377E2BA6686200B0DD8D /* PBXContainerItemProxy */ = {
			isa = PBXContainerItemProxy;
			containerPortal = 359137552BA6686100B0DD8D /* Project object */;
			proxyType = 1;
			remoteGlobalIDString = 3591375C2BA6686100B0DD8D;
			remoteInfo = FinalProject;
		};
/* End PBXContainerItemProxy section */

/* Begin PBXFileReference section */
		351B410C2BA6B6BF00640628 /* CarDetailViewController.swift */ = {isa = PBXFileReference; lastKnownFileType = sourcecode.swift; path = CarDetailViewController.swift; sourceTree = "<group>"; };
		351B410E2BA6B9EB00640628 /* MapViewController.swift */ = {isa = PBXFileReference; lastKnownFileType = sourcecode.swift; path = MapViewController.swift; sourceTree = "<group>"; };
		351B41102BA7B65800640628 /* RentOutListTableViewController.swift */ = {isa = PBXFileReference; lastKnownFileType = sourcecode.swift; path = RentOutListTableViewController.swift; sourceTree = "<group>"; };
		351B41122BA7B68000640628 /* RentOut.swift */ = {isa = PBXFileReference; lastKnownFileType = sourcecode.swift; path = RentOut.swift; sourceTree = "<group>"; };
		351B41142BA7FD7E00640628 /* BookingViewController.swift */ = {isa = PBXFileReference; lastKnownFileType = sourcecode.swift; path = BookingViewController.swift; sourceTree = "<group>"; };
		3584FB822BA8382200DC8A87 /* AddCarViewController.swift */ = {isa = PBXFileReference; lastKnownFileType = sourcecode.swift; path = AddCarViewController.swift; sourceTree = "<group>"; };
		3591375D2BA6686100B0DD8D /* FinalProject.app */ = {isa = PBXFileReference; explicitFileType = wrapper.application; includeInIndex = 0; path = FinalProject.app; sourceTree = BUILT_PRODUCTS_DIR; };
		359137602BA6686100B0DD8D /* AppDelegate.swift */ = {isa = PBXFileReference; lastKnownFileType = sourcecode.swift; path = AppDelegate.swift; sourceTree = "<group>"; };
		359137622BA6686100B0DD8D /* SceneDelegate.swift */ = {isa = PBXFileReference; lastKnownFileType = sourcecode.swift; path = SceneDelegate.swift; sourceTree = "<group>"; };
		359137642BA6686100B0DD8D /* ViewController.swift */ = {isa = PBXFileReference; lastKnownFileType = sourcecode.swift; path = ViewController.swift; sourceTree = "<group>"; };
		359137672BA6686100B0DD8D /* Base */ = {isa = PBXFileReference; lastKnownFileType = file.storyboard; name = Base; path = Base.lproj/Main.storyboard; sourceTree = "<group>"; };
		359137692BA6686200B0DD8D /* Assets.xcassets */ = {isa = PBXFileReference; lastKnownFileType = folder.assetcatalog; path = Assets.xcassets; sourceTree = "<group>"; };
		3591376C2BA6686200B0DD8D /* Base */ = {isa = PBXFileReference; lastKnownFileType = file.storyboard; name = Base; path = Base.lproj/LaunchScreen.storyboard; sourceTree = "<group>"; };
		3591376E2BA6686200B0DD8D /* Info.plist */ = {isa = PBXFileReference; lastKnownFileType = text.plist.xml; path = Info.plist; sourceTree = "<group>"; };
		359137732BA6686200B0DD8D /* FinalProjectTests.xctest */ = {isa = PBXFileReference; explicitFileType = wrapper.cfbundle; includeInIndex = 0; path = FinalProjectTests.xctest; sourceTree = BUILT_PRODUCTS_DIR; };
		359137772BA6686200B0DD8D /* FinalProjectTests.swift */ = {isa = PBXFileReference; lastKnownFileType = sourcecode.swift; path = FinalProjectTests.swift; sourceTree = "<group>"; };
		3591377D2BA6686200B0DD8D /* FinalProjectUITests.xctest */ = {isa = PBXFileReference; explicitFileType = wrapper.cfbundle; includeInIndex = 0; path = FinalProjectUITests.xctest; sourceTree = BUILT_PRODUCTS_DIR; };
		359137812BA6686200B0DD8D /* FinalProjectUITests.swift */ = {isa = PBXFileReference; lastKnownFileType = sourcecode.swift; path = FinalProjectUITests.swift; sourceTree = "<group>"; };
		359137832BA6686200B0DD8D /* FinalProjectUITestsLaunchTests.swift */ = {isa = PBXFileReference; lastKnownFileType = sourcecode.swift; path = FinalProjectUITestsLaunchTests.swift; sourceTree = "<group>"; };
		359137902BA686DE00B0DD8D /* CarListViewController.swift */ = {isa = PBXFileReference; lastKnownFileType = sourcecode.swift; path = CarListViewController.swift; sourceTree = "<group>"; };
		359137922BA6873100B0DD8D /* Car.swift */ = {isa = PBXFileReference; lastKnownFileType = sourcecode.swift; path = Car.swift; sourceTree = "<group>"; };
/* End PBXFileReference section */

/* Begin PBXFrameworksBuildPhase section */
		3591375A2BA6686100B0DD8D /* Frameworks */ = {
			isa = PBXFrameworksBuildPhase;
			buildActionMask = 2147483647;
			files = (
			);
			runOnlyForDeploymentPostprocessing = 0;
		};
		359137702BA6686200B0DD8D /* Frameworks */ = {
			isa = PBXFrameworksBuildPhase;
			buildActionMask = 2147483647;
			files = (
			);
			runOnlyForDeploymentPostprocessing = 0;
		};
		3591377A2BA6686200B0DD8D /* Frameworks */ = {
			isa = PBXFrameworksBuildPhase;
			buildActionMask = 2147483647;
			files = (
			);
			runOnlyForDeploymentPostprocessing = 0;
		};
/* End PBXFrameworksBuildPhase section */

/* Begin PBXGroup section */
		359137542BA6686100B0DD8D = {
			isa = PBXGroup;
			children = (
				3591375F2BA6686100B0DD8D /* FinalProject */,
				359137762BA6686200B0DD8D /* FinalProjectTests */,
				359137802BA6686200B0DD8D /* FinalProjectUITests */,
				3591375E2BA6686100B0DD8D /* Products */,
			);
			sourceTree = "<group>";
		};
		3591375E2BA6686100B0DD8D /* Products */ = {
			isa = PBXGroup;
			children = (
				3591375D2BA6686100B0DD8D /* FinalProject.app */,
				359137732BA6686200B0DD8D /* FinalProjectTests.xctest */,
				3591377D2BA6686200B0DD8D /* FinalProjectUITests.xctest */,
			);
			name = Products;
			sourceTree = "<group>";
		};
		3591375F2BA6686100B0DD8D /* FinalProject */ = {
			isa = PBXGroup;
			children = (
				359137602BA6686100B0DD8D /* AppDelegate.swift */,
				359137622BA6686100B0DD8D /* SceneDelegate.swift */,
				359137642BA6686100B0DD8D /* ViewController.swift */,
				359137662BA6686100B0DD8D /* Main.storyboard */,
				3584FB822BA8382200DC8A87 /* AddCarViewController.swift */,
				351B41142BA7FD7E00640628 /* BookingViewController.swift */,
				351B41102BA7B65800640628 /* RentOutListTableViewController.swift */,
				351B41122BA7B68000640628 /* RentOut.swift */,
				351B410E2BA6B9EB00640628 /* MapViewController.swift */,
				351B410C2BA6B6BF00640628 /* CarDetailViewController.swift */,
				359137922BA6873100B0DD8D /* Car.swift */,
				359137902BA686DE00B0DD8D /* CarListViewController.swift */,
				359137692BA6686200B0DD8D /* Assets.xcassets */,
				3591376B2BA6686200B0DD8D /* LaunchScreen.storyboard */,
				3591376E2BA6686200B0DD8D /* Info.plist */,
			);
			path = FinalProject;
			sourceTree = "<group>";
		};
		359137762BA6686200B0DD8D /* FinalProjectTests */ = {
			isa = PBXGroup;
			children = (
				359137772BA6686200B0DD8D /* FinalProjectTests.swift */,
			);
			path = FinalProjectTests;
			sourceTree = "<group>";
		};
		359137802BA6686200B0DD8D /* FinalProjectUITests */ = {
			isa = PBXGroup;
			children = (
				359137812BA6686200B0DD8D /* FinalProjectUITests.swift */,
				359137832BA6686200B0DD8D /* FinalProjectUITestsLaunchTests.swift */,
			);
			path = FinalProjectUITests;
			sourceTree = "<group>";
		};
/* End PBXGroup section */

/* Begin PBXNativeTarget section */
		3591375C2BA6686100B0DD8D /* FinalProject */ = {
			isa = PBXNativeTarget;
			buildConfigurationList = 359137872BA6686200B0DD8D /* Build configuration list for PBXNativeTarget "FinalProject" */;
			buildPhases = (
				359137592BA6686100B0DD8D /* Sources */,
				3591375A2BA6686100B0DD8D /* Frameworks */,
				3591375B2BA6686100B0DD8D /* Resources */,
			);
			buildRules = (
			);
			dependencies = (
			);
			name = FinalProject;
			productName = FinalProject;
			productReference = 3591375D2BA6686100B0DD8D /* FinalProject.app */;
			productType = "com.apple.product-type.application";
		};
		359137722BA6686200B0DD8D /* FinalProjectTests */ = {
			isa = PBXNativeTarget;
			buildConfigurationList = 3591378A2BA6686200B0DD8D /* Build configuration list for PBXNativeTarget "FinalProjectTests" */;
			buildPhases = (
				3591376F2BA6686200B0DD8D /* Sources */,
				359137702BA6686200B0DD8D /* Frameworks */,
				359137712BA6686200B0DD8D /* Resources */,
			);
			buildRules = (
			);
			dependencies = (
				359137752BA6686200B0DD8D /* PBXTargetDependency */,
			);
			name = FinalProjectTests;
			productName = FinalProjectTests;
			productReference = 359137732BA6686200B0DD8D /* FinalProjectTests.xctest */;
			productType = "com.apple.product-type.bundle.unit-test";
		};
		3591377C2BA6686200B0DD8D /* FinalProjectUITests */ = {
			isa = PBXNativeTarget;
			buildConfigurationList = 3591378D2BA6686200B0DD8D /* Build configuration list for PBXNativeTarget "FinalProjectUITests" */;
			buildPhases = (
				359137792BA6686200B0DD8D /* Sources */,
				3591377A2BA6686200B0DD8D /* Frameworks */,
				3591377B2BA6686200B0DD8D /* Resources */,
			);
			buildRules = (
			);
			dependencies = (
				3591377F2BA6686200B0DD8D /* PBXTargetDependency */,
			);
			name = FinalProjectUITests;
			productName = FinalProjectUITests;
			productReference = 3591377D2BA6686200B0DD8D /* FinalProjectUITests.xctest */;
			productType = "com.apple.product-type.bundle.ui-testing";
		};
/* End PBXNativeTarget section */

/* Begin PBXProject section */
		359137552BA6686100B0DD8D /* Project object */ = {
			isa = PBXProject;
			attributes = {
				BuildIndependentTargetsInParallel = 1;
				LastSwiftUpdateCheck = 1510;
				LastUpgradeCheck = 1510;
				TargetAttributes = {
					3591375C2BA6686100B0DD8D = {
						CreatedOnToolsVersion = 15.1;
					};
					359137722BA6686200B0DD8D = {
						CreatedOnToolsVersion = 15.1;
						TestTargetID = 3591375C2BA6686100B0DD8D;
					};
					3591377C2BA6686200B0DD8D = {
						CreatedOnToolsVersion = 15.1;
						TestTargetID = 3591375C2BA6686100B0DD8D;
					};
				};
			};
			buildConfigurationList = 359137582BA6686100B0DD8D /* Build configuration list for PBXProject "FinalProject" */;
			compatibilityVersion = "Xcode 14.0";
			developmentRegion = en;
			hasScannedForEncodings = 0;
			knownRegions = (
				en,
				Base,
			);
			mainGroup = 359137542BA6686100B0DD8D;
			productRefGroup = 3591375E2BA6686100B0DD8D /* Products */;
			projectDirPath = "";
			projectRoot = "";
			targets = (
				3591375C2BA6686100B0DD8D /* FinalProject */,
				359137722BA6686200B0DD8D /* FinalProjectTests */,
				3591377C2BA6686200B0DD8D /* FinalProjectUITests */,
			);
		};
/* End PBXProject section */

/* Begin PBXResourcesBuildPhase section */
		3591375B2BA6686100B0DD8D /* Resources */ = {
			isa = PBXResourcesBuildPhase;
			buildActionMask = 2147483647;
			files = (
				3591376D2BA6686200B0DD8D /* LaunchScreen.storyboard in Resources */,
				3591376A2BA6686200B0DD8D /* Assets.xcassets in Resources */,
				359137682BA6686100B0DD8D /* Main.storyboard in Resources */,
			);
			runOnlyForDeploymentPostprocessing = 0;
		};
		359137712BA6686200B0DD8D /* Resources */ = {
			isa = PBXResourcesBuildPhase;
			buildActionMask = 2147483647;
			files = (
			);
			runOnlyForDeploymentPostprocessing = 0;
		};
		3591377B2BA6686200B0DD8D /* Resources */ = {
			isa = PBXResourcesBuildPhase;
			buildActionMask = 2147483647;
			files = (
			);
			runOnlyForDeploymentPostprocessing = 0;
		};
/* End PBXResourcesBuildPhase section */

/* Begin PBXSourcesBuildPhase section */
		359137592BA6686100B0DD8D /* Sources */ = {
			isa = PBXSourcesBuildPhase;
			buildActionMask = 2147483647;
			files = (
				359137652BA6686100B0DD8D /* ViewController.swift in Sources */,
				351B41132BA7B68000640628 /* RentOut.swift in Sources */,
				359137612BA6686100B0DD8D /* AppDelegate.swift in Sources */,
				351B410D2BA6B6BF00640628 /* CarDetailViewController.swift in Sources */,
				351B41112BA7B65800640628 /* RentOutListTableViewController.swift in Sources */,
				3584FB832BA8382200DC8A87 /* AddCarViewController.swift in Sources */,
				359137932BA6873100B0DD8D /* Car.swift in Sources */,
				359137632BA6686100B0DD8D /* SceneDelegate.swift in Sources */,
				359137912BA686DE00B0DD8D /* CarListViewController.swift in Sources */,
				351B41152BA7FD7E00640628 /* BookingViewController.swift in Sources */,
				351B410F2BA6B9EB00640628 /* MapViewController.swift in Sources */,
			);
			runOnlyForDeploymentPostprocessing = 0;
		};
		3591376F2BA6686200B0DD8D /* Sources */ = {
			isa = PBXSourcesBuildPhase;
			buildActionMask = 2147483647;
			files = (
				359137782BA6686200B0DD8D /* FinalProjectTests.swift in Sources */,
			);
			runOnlyForDeploymentPostprocessing = 0;
		};
		359137792BA6686200B0DD8D /* Sources */ = {
			isa = PBXSourcesBuildPhase;
			buildActionMask = 2147483647;
			files = (
				359137822BA6686200B0DD8D /* FinalProjectUITests.swift in Sources */,
				359137842BA6686200B0DD8D /* FinalProjectUITestsLaunchTests.swift in Sources */,
			);
			runOnlyForDeploymentPostprocessing = 0;
		};
/* End PBXSourcesBuildPhase section */

/* Begin PBXTargetDependency section */
		359137752BA6686200B0DD8D /* PBXTargetDependency */ = {
			isa = PBXTargetDependency;
			target = 3591375C2BA6686100B0DD8D /* FinalProject */;
			targetProxy = 359137742BA6686200B0DD8D /* PBXContainerItemProxy */;
		};
		3591377F2BA6686200B0DD8D /* PBXTargetDependency */ = {
			isa = PBXTargetDependency;
			target = 3591375C2BA6686100B0DD8D /* FinalProject */;
			targetProxy = 3591377E2BA6686200B0DD8D /* PBXContainerItemProxy */;
		};
/* End PBXTargetDependency section */

/* Begin PBXVariantGroup section */
		359137662BA6686100B0DD8D /* Main.storyboard */ = {
			isa = PBXVariantGroup;
			children = (
				359137672BA6686100B0DD8D /* Base */,
			);
			name = Main.storyboard;
			sourceTree = "<group>";
		};
		3591376B2BA6686200B0DD8D /* LaunchScreen.storyboard */ = {
			isa = PBXVariantGroup;
			children = (
				3591376C2BA6686200B0DD8D /* Base */,
			);
			name = LaunchScreen.storyboard;
			sourceTree = "<group>";
		};
/* End PBXVariantGroup section */

/* Begin XCBuildConfiguration section */
		359137852BA6686200B0DD8D /* Debug */ = {
			isa = XCBuildConfiguration;
			buildSettings = {
				ALWAYS_SEARCH_USER_PATHS = NO;
				ASSETCATALOG_COMPILER_GENERATE_SWIFT_ASSET_SYMBOL_EXTENSIONS = YES;
				CLANG_ANALYZER_NONNULL = YES;
				CLANG_ANALYZER_NUMBER_OBJECT_CONVERSION = YES_AGGRESSIVE;
				CLANG_CXX_LANGUAGE_STANDARD = "gnu++20";
				CLANG_ENABLE_MODULES = YES;
				CLANG_ENABLE_OBJC_ARC = YES;
				CLANG_ENABLE_OBJC_WEAK = YES;
				CLANG_WARN_BLOCK_CAPTURE_AUTORELEASING = YES;
				CLANG_WARN_BOOL_CONVERSION = YES;
				CLANG_WARN_COMMA = YES;
				CLANG_WARN_CONSTANT_CONVERSION = YES;
				CLANG_WARN_DEPRECATED_OBJC_IMPLEMENTATIONS = YES;
				CLANG_WARN_DIRECT_OBJC_ISA_USAGE = YES_ERROR;
				CLANG_WARN_DOCUMENTATION_COMMENTS = YES;
				CLANG_WARN_EMPTY_BODY = YES;
				CLANG_WARN_ENUM_CONVERSION = YES;
				CLANG_WARN_INFINITE_RECURSION = YES;
				CLANG_WARN_INT_CONVERSION = YES;
				CLANG_WARN_NON_LITERAL_NULL_CONVERSION = YES;
				CLANG_WARN_OBJC_IMPLICIT_RETAIN_SELF = YES;
				CLANG_WARN_OBJC_LITERAL_CONVERSION = YES;
				CLANG_WARN_OBJC_ROOT_CLASS = YES_ERROR;
				CLANG_WARN_QUOTED_INCLUDE_IN_FRAMEWORK_HEADER = YES;
				CLANG_WARN_RANGE_LOOP_ANALYSIS = YES;
				CLANG_WARN_STRICT_PROTOTYPES = YES;
				CLANG_WARN_SUSPICIOUS_MOVE = YES;
				CLANG_WARN_UNGUARDED_AVAILABILITY = YES_AGGRESSIVE;
				CLANG_WARN_UNREACHABLE_CODE = YES;
				CLANG_WARN__DUPLICATE_METHOD_MATCH = YES;
				COPY_PHASE_STRIP = NO;
				DEBUG_INFORMATION_FORMAT = dwarf;
				ENABLE_STRICT_OBJC_MSGSEND = YES;
				ENABLE_TESTABILITY = YES;
				ENABLE_USER_SCRIPT_SANDBOXING = YES;
				GCC_C_LANGUAGE_STANDARD = gnu17;
				GCC_DYNAMIC_NO_PIC = NO;
				GCC_NO_COMMON_BLOCKS = YES;
				GCC_OPTIMIZATION_LEVEL = 0;
				GCC_PREPROCESSOR_DEFINITIONS = (
					"DEBUG=1",
					"$(inherited)",
				);
				GCC_WARN_64_TO_32_BIT_CONVERSION = YES;
				GCC_WARN_ABOUT_RETURN_TYPE = YES_ERROR;
				GCC_WARN_UNDECLARED_SELECTOR = YES;
				GCC_WARN_UNINITIALIZED_AUTOS = YES_AGGRESSIVE;
				GCC_WARN_UNUSED_FUNCTION = YES;
				GCC_WARN_UNUSED_VARIABLE = YES;
				IPHONEOS_DEPLOYMENT_TARGET = 17.2;
				LOCALIZATION_PREFERS_STRING_CATALOGS = YES;
				MTL_ENABLE_DEBUG_INFO = INCLUDE_SOURCE;
				MTL_FAST_MATH = YES;
				ONLY_ACTIVE_ARCH = YES;
				SDKROOT = iphoneos;
				SWIFT_ACTIVE_COMPILATION_CONDITIONS = "DEBUG $(inherited)";
				SWIFT_OPTIMIZATION_LEVEL = "-Onone";
			};
			name = Debug;
		};
		359137862BA6686200B0DD8D /* Release */ = {
			isa = XCBuildConfiguration;
			buildSettings = {
				ALWAYS_SEARCH_USER_PATHS = NO;
				ASSETCATALOG_COMPILER_GENERATE_SWIFT_ASSET_SYMBOL_EXTENSIONS = YES;
				CLANG_ANALYZER_NONNULL = YES;
				CLANG_ANALYZER_NUMBER_OBJECT_CONVERSION = YES_AGGRESSIVE;
				CLANG_CXX_LANGUAGE_STANDARD = "gnu++20";
				CLANG_ENABLE_MODULES = YES;
				CLANG_ENABLE_OBJC_ARC = YES;
				CLANG_ENABLE_OBJC_WEAK = YES;
				CLANG_WARN_BLOCK_CAPTURE_AUTORELEASING = YES;
				CLANG_WARN_BOOL_CONVERSION = YES;
				CLANG_WARN_COMMA = YES;
				CLANG_WARN_CONSTANT_CONVERSION = YES;
				CLANG_WARN_DEPRECATED_OBJC_IMPLEMENTATIONS = YES;
				CLANG_WARN_DIRECT_OBJC_ISA_USAGE = YES_ERROR;
				CLANG_WARN_DOCUMENTATION_COMMENTS = YES;
				CLANG_WARN_EMPTY_BODY = YES;
				CLANG_WARN_ENUM_CONVERSION = YES;
				CLANG_WARN_INFINITE_RECURSION = YES;
				CLANG_WARN_INT_CONVERSION = YES;
				CLANG_WARN_NON_LITERAL_NULL_CONVERSION = YES;
				CLANG_WARN_OBJC_IMPLICIT_RETAIN_SELF = YES;
				CLANG_WARN_OBJC_LITERAL_CONVERSION = YES;
				CLANG_WARN_OBJC_ROOT_CLASS = YES_ERROR;
				CLANG_WARN_QUOTED_INCLUDE_IN_FRAMEWORK_HEADER = YES;
				CLANG_WARN_RANGE_LOOP_ANALYSIS = YES;
				CLANG_WARN_STRICT_PROTOTYPES = YES;
				CLANG_WARN_SUSPICIOUS_MOVE = YES;
				CLANG_WARN_UNGUARDED_AVAILABILITY = YES_AGGRESSIVE;
				CLANG_WARN_UNREACHABLE_CODE = YES;
				CLANG_WARN__DUPLICATE_METHOD_MATCH = YES;
				COPY_PHASE_STRIP = NO;
				DEBUG_INFORMATION_FORMAT = "dwarf-with-dsym";
				ENABLE_NS_ASSERTIONS = NO;
				ENABLE_STRICT_OBJC_MSGSEND = YES;
				ENABLE_USER_SCRIPT_SANDBOXING = YES;
				GCC_C_LANGUAGE_STANDARD = gnu17;
				GCC_NO_COMMON_BLOCKS = YES;
				GCC_WARN_64_TO_32_BIT_CONVERSION = YES;
				GCC_WARN_ABOUT_RETURN_TYPE = YES_ERROR;
				GCC_WARN_UNDECLARED_SELECTOR = YES;
				GCC_WARN_UNINITIALIZED_AUTOS = YES_AGGRESSIVE;
				GCC_WARN_UNUSED_FUNCTION = YES;
				GCC_WARN_UNUSED_VARIABLE = YES;
				IPHONEOS_DEPLOYMENT_TARGET = 17.2;
				LOCALIZATION_PREFERS_STRING_CATALOGS = YES;
				MTL_ENABLE_DEBUG_INFO = NO;
				MTL_FAST_MATH = YES;
				SDKROOT = iphoneos;
				SWIFT_COMPILATION_MODE = wholemodule;
				VALIDATE_PRODUCT = YES;
			};
			name = Release;
		};
		359137882BA6686200B0DD8D /* Debug */ = {
			isa = XCBuildConfiguration;
			buildSettings = {
				ASSETCATALOG_COMPILER_APPICON_NAME = AppIcon;
				ASSETCATALOG_COMPILER_GLOBAL_ACCENT_COLOR_NAME = AccentColor;
				CODE_SIGN_STYLE = Automatic;
				CURRENT_PROJECT_VERSION = 1;
				GENERATE_INFOPLIST_FILE = YES;
				INFOPLIST_FILE = FinalProject/Info.plist;
				INFOPLIST_KEY_UIApplicationSupportsIndirectInputEvents = YES;
				INFOPLIST_KEY_UILaunchStoryboardName = LaunchScreen;
				INFOPLIST_KEY_UIMainStoryboardFile = Main;
				INFOPLIST_KEY_UISupportedInterfaceOrientations_iPad = "UIInterfaceOrientationPortrait UIInterfaceOrientationPortraitUpsideDown UIInterfaceOrientationLandscapeLeft UIInterfaceOrientationLandscapeRight";
				INFOPLIST_KEY_UISupportedInterfaceOrientations_iPhone = "UIInterfaceOrientationPortrait UIInterfaceOrientationLandscapeLeft UIInterfaceOrientationLandscapeRight";
				LD_RUNPATH_SEARCH_PATHS = (
					"$(inherited)",
					"@executable_path/Frameworks",
				);
				MARKETING_VERSION = 1.0;
				PRODUCT_BUNDLE_IDENTIFIER = com.sfahrai.FinalProject;
				PRODUCT_NAME = "$(TARGET_NAME)";
				SWIFT_EMIT_LOC_STRINGS = YES;
				SWIFT_VERSION = 5.0;
				TARGETED_DEVICE_FAMILY = "1,2";
			};
			name = Debug;
		};
		359137892BA6686200B0DD8D /* Release */ = {
			isa = XCBuildConfiguration;
			buildSettings = {
				ASSETCATALOG_COMPILER_APPICON_NAME = AppIcon;
				ASSETCATALOG_COMPILER_GLOBAL_ACCENT_COLOR_NAME = AccentColor;
				CODE_SIGN_STYLE = Automatic;
				CURRENT_PROJECT_VERSION = 1;
				GENERATE_INFOPLIST_FILE = YES;
				INFOPLIST_FILE = FinalProject/Info.plist;
				INFOPLIST_KEY_UIApplicationSupportsIndirectInputEvents = YES;
				INFOPLIST_KEY_UILaunchStoryboardName = LaunchScreen;
				INFOPLIST_KEY_UIMainStoryboardFile = Main;
				INFOPLIST_KEY_UISupportedInterfaceOrientations_iPad = "UIInterfaceOrientationPortrait UIInterfaceOrientationPortraitUpsideDown UIInterfaceOrientationLandscapeLeft UIInterfaceOrientationLandscapeRight";
				INFOPLIST_KEY_UISupportedInterfaceOrientations_iPhone = "UIInterfaceOrientationPortrait UIInterfaceOrientationLandscapeLeft UIInterfaceOrientationLandscapeRight";
				LD_RUNPATH_SEARCH_PATHS = (
					"$(inherited)",
					"@executable_path/Frameworks",
				);
				MARKETING_VERSION = 1.0;
				PRODUCT_BUNDLE_IDENTIFIER = com.sfahrai.FinalProject;
				PRODUCT_NAME = "$(TARGET_NAME)";
				SWIFT_EMIT_LOC_STRINGS = YES;
				SWIFT_VERSION = 5.0;
				TARGETED_DEVICE_FAMILY = "1,2";
			};
			name = Release;
		};
		3591378B2BA6686200B0DD8D /* Debug */ = {
			isa = XCBuildConfiguration;
			buildSettings = {
				ALWAYS_EMBED_SWIFT_STANDARD_LIBRARIES = YES;
				BUNDLE_LOADER = "$(TEST_HOST)";
				CODE_SIGN_STYLE = Automatic;
				CURRENT_PROJECT_VERSION = 1;
				GENERATE_INFOPLIST_FILE = YES;
				IPHONEOS_DEPLOYMENT_TARGET = 17.2;
				MARKETING_VERSION = 1.0;
				PRODUCT_BUNDLE_IDENTIFIER = com.sfahrai.FinalProjectTests;
				PRODUCT_NAME = "$(TARGET_NAME)";
				SWIFT_EMIT_LOC_STRINGS = NO;
				SWIFT_VERSION = 5.0;
				TARGETED_DEVICE_FAMILY = "1,2";
				TEST_HOST = "$(BUILT_PRODUCTS_DIR)/FinalProject.app/$(BUNDLE_EXECUTABLE_FOLDER_PATH)/FinalProject";
			};
			name = Debug;
		};
		3591378C2BA6686200B0DD8D /* Release */ = {
			isa = XCBuildConfiguration;
			buildSettings = {
				ALWAYS_EMBED_SWIFT_STANDARD_LIBRARIES = YES;
				BUNDLE_LOADER = "$(TEST_HOST)";
				CODE_SIGN_STYLE = Automatic;
				CURRENT_PROJECT_VERSION = 1;
				GENERATE_INFOPLIST_FILE = YES;
				IPHONEOS_DEPLOYMENT_TARGET = 17.2;
				MARKETING_VERSION = 1.0;
				PRODUCT_BUNDLE_IDENTIFIER = com.sfahrai.FinalProjectTests;
				PRODUCT_NAME = "$(TARGET_NAME)";
				SWIFT_EMIT_LOC_STRINGS = NO;
				SWIFT_VERSION = 5.0;
				TARGETED_DEVICE_FAMILY = "1,2";
				TEST_HOST = "$(BUILT_PRODUCTS_DIR)/FinalProject.app/$(BUNDLE_EXECUTABLE_FOLDER_PATH)/FinalProject";
			};
			name = Release;
		};
		3591378E2BA6686200B0DD8D /* Debug */ = {
			isa = XCBuildConfiguration;
			buildSettings = {
				ALWAYS_EMBED_SWIFT_STANDARD_LIBRARIES = YES;
				CODE_SIGN_STYLE = Automatic;
				CURRENT_PROJECT_VERSION = 1;
				GENERATE_INFOPLIST_FILE = YES;
				MARKETING_VERSION = 1.0;
				PRODUCT_BUNDLE_IDENTIFIER = com.sfahrai.FinalProjectUITests;
				PRODUCT_NAME = "$(TARGET_NAME)";
				SWIFT_EMIT_LOC_STRINGS = NO;
				SWIFT_VERSION = 5.0;
				TARGETED_DEVICE_FAMILY = "1,2";
				TEST_TARGET_NAME = FinalProject;
			};
			name = Debug;
		};
		3591378F2BA6686200B0DD8D /* Release */ = {
			isa = XCBuildConfiguration;
			buildSettings = {
				ALWAYS_EMBED_SWIFT_STANDARD_LIBRARIES = YES;
				CODE_SIGN_STYLE = Automatic;
				CURRENT_PROJECT_VERSION = 1;
				GENERATE_INFOPLIST_FILE = YES;
				MARKETING_VERSION = 1.0;
				PRODUCT_BUNDLE_IDENTIFIER = com.sfahrai.FinalProjectUITests;
				PRODUCT_NAME = "$(TARGET_NAME)";
				SWIFT_EMIT_LOC_STRINGS = NO;
				SWIFT_VERSION = 5.0;
				TARGETED_DEVICE_FAMILY = "1,2";
				TEST_TARGET_NAME = FinalProject;
			};
			name = Release;
		};
/* End XCBuildConfiguration section */

/* Begin XCConfigurationList section */
		359137582BA6686100B0DD8D /* Build configuration list for PBXProject "FinalProject" */ = {
			isa = XCConfigurationList;
			buildConfigurations = (
				359137852BA6686200B0DD8D /* Debug */,
				359137862BA6686200B0DD8D /* Release */,
			);
			defaultConfigurationIsVisible = 0;
			defaultConfigurationName = Release;
		};
		359137872BA6686200B0DD8D /* Build configuration list for PBXNativeTarget "FinalProject" */ = {
			isa = XCConfigurationList;
			buildConfigurations = (
				359137882BA6686200B0DD8D /* Debug */,
				359137892BA6686200B0DD8D /* Release */,
			);
			defaultConfigurationIsVisible = 0;
			defaultConfigurationName = Release;
		};
		3591378A2BA6686200B0DD8D /* Build configuration list for PBXNativeTarget "FinalProjectTests" */ = {
			isa = XCConfigurationList;
			buildConfigurations = (
				3591378B2BA6686200B0DD8D /* Debug */,
				3591378C2BA6686200B0DD8D /* Release */,
			);
			defaultConfigurationIsVisible = 0;
			defaultConfigurationName = Release;
		};
		3591378D2BA6686200B0DD8D /* Build configuration list for PBXNativeTarget "FinalProjectUITests" */ = {
			isa = XCConfigurationList;
			buildConfigurations = (
				3591378E2BA6686200B0DD8D /* Debug */,
				3591378F2BA6686200B0DD8D /* Release */,
			);
			defaultConfigurationIsVisible = 0;
			defaultConfigurationName = Release;
		};
/* End XCConfigurationList section */
	};
	rootObject = 359137552BA6686100B0DD8D /* Project object */;
}
